<?xml version="1.0" encoding="utf-8"?>
<Project ToolsVersion="4.0" xmlns="http://schemas.microsoft.com/developer/msbuild/2003">
  <ItemGroup>
    <Filter Include="docs" />
    <Filter Include="src" />
    <Filter Include="src\androidauto" />
    <Filter Include="src\audio" />
    <Filter Include="src\logging" />
    <Filter Include="src\media" />
    <Filter Include="src\platform" />
    <Filter Include="src\radio" />
    <Filter Include="src\ui" />
    <Filter Include="src\usb" />
    <Filter Include="src\video" />
    <Filter Include="src\wireless" />
    <Filter Include="tests" />
  </ItemGroup>
  <ItemGroup>
    <ClCompile Include="src\CommandLine.cpp"><Filter>src</Filter></ClCompile>
    <ClCompile Include="src\androidauto\AndroidAutoSession.cpp"><Filter>src\androidauto</Filter></ClCompile>
    <ClCompile Include="src\androidauto\AndroidDeviceDetector.cpp"><Filter>src\androidauto</Filter></ClCompile>
    <ClCompile Include="src\androidauto\AoaNegotiator.cpp"><Filter>src\androidauto</Filter></ClCompile>
    <ClCompile Include="src\androidauto\AudioSinkChannel.cpp"><Filter>src\androidauto</Filter></ClCompile>
    <ClCompile Include="src\androidauto\AutoConnect.cpp"><Filter>src\androidauto</Filter></ClCompile>
    <ClCompile Include="src\androidauto\ChannelSupport.cpp"><Filter>src\androidauto</Filter></ClCompile>
    <ClCompile Include="src\androidauto\ConsoleController.cpp"><Filter>src\androidauto</Filter></ClCompile>
    <ClCompile Include="src\androidauto\DisplayConfig.cpp"><Filter>src\androidauto</Filter></ClCompile>
    <ClCompile Include="src\androidauto\DisplayService.cpp"><Filter>src\androidauto</Filter></ClCompile>
    <ClCompile Include="src\androidauto\InputReports.cpp"><Filter>src\androidauto</Filter></ClCompile>
    <ClCompile Include="src\androidauto\MicrophoneChannel.cpp"><Filter>src\androidauto</Filter></ClCompile>
    <ClCompile Include="src\androidauto\PhoneScreenDetector.cpp"><Filter>src\androidauto</Filter></ClCompile>
    <ClCompile Include="src\androidauto\PhoneWatch.cpp"><Filter>src\androidauto</Filter></ClCompile>
    <ClCompile Include="src\androidauto\ProjectionInput.cpp"><Filter>src\androidauto</Filter></ClCompile>
    <ClCompile Include="src\androidauto\ProjectionSession.cpp"><Filter>src\androidauto</Filter></ClCompile>
    <ClCompile Include="src\androidauto\ServiceDiscovery.cpp"><Filter>src\androidauto</Filter></ClCompile>
    <ClCompile Include="src\androidauto\TouchMapping.cpp"><Filter>src\androidauto</Filter></ClCompile>
    <ClCompile Include="src\androidauto\TransportReceiveBuffer.cpp"><Filter>src\androidauto</Filter></ClCompile>
    <ClCompile Include="src\audio\AudioClock.cpp"><Filter>src\audio</Filter></ClCompile>
    <ClCompile Include="src\audio\AudioEngine.cpp"><Filter>src\audio</Filter></ClCompile>
    <ClCompile Include="src\audio\AudioState.cpp"><Filter>src\audio</Filter></ClCompile>
    <ClCompile Include="src\audio\MediaActivity.cpp"><Filter>src\audio</Filter></ClCompile>
    <ClCompile Include="src\audio\Pcm16.cpp"><Filter>src\audio</Filter></ClCompile>
    <ClCompile Include="src\audio\PcmFormat.cpp"><Filter>src\audio</Filter></ClCompile>
    <ClCompile Include="src\audio\PcmRingBuffer.cpp"><Filter>src\audio</Filter></ClCompile>
    <ClCompile Include="src\audio\QueuedPcmStream.cpp"><Filter>src\audio</Filter></ClCompile>
    <ClCompile Include="src\audio\WasapiPcmStream.cpp"><Filter>src\audio</Filter></ClCompile>
    <ClCompile Include="src\audio\WatchedOutput.cpp"><Filter>src\audio</Filter></ClCompile>
    <ClCompile Include="src\logging\LogLevel.cpp"><Filter>src\logging</Filter></ClCompile>
    <ClCompile Include="src\logging\Logger.cpp"><Filter>src\logging</Filter></ClCompile>
    <ClCompile Include="src\main.cpp"><Filter>src</Filter></ClCompile>
    <ClCompile Include="src\media\AudioPlayer.cpp"><Filter>src\media</Filter></ClCompile>
    <ClCompile Include="src\media\MusicLibrary.cpp"><Filter>src\media</Filter></ClCompile>
    <ClCompile Include="src\media\StreamText.cpp"><Filter>src\media</Filter></ClCompile>
    <ClCompile Include="src\platform\Environment.cpp"><Filter>src\platform</Filter></ClCompile>
    <ClCompile Include="src\platform\ShutdownSignal.cpp"><Filter>src\platform</Filter></ClCompile>
    <ClCompile Include="src\platform\WindowsSupport.cpp"><Filter>src\platform</Filter></ClCompile>
    <ClCompile Include="src\radio\RadioBrowser.cpp"><Filter>src\radio</Filter></ClCompile>
    <ClCompile Include="src\ui\AudioDisplay.cpp"><Filter>src\ui</Filter></ClCompile>
    <ClCompile Include="src\ui\BluetoothPage.cpp"><Filter>src\ui</Filter></ClCompile>
    <ClCompile Include="src\ui\BluetoothPhones.cpp"><Filter>src\ui</Filter></ClCompile>
    <ClCompile Include="src\ui\CarPanel.cpp"><Filter>src\ui</Filter></ClCompile>
    <ClCompile Include="src\ui\HomeMenu.cpp"><Filter>src\ui</Filter></ClCompile>
    <ClCompile Include="src\ui\HomeMenuLayout.cpp"><Filter>src\ui</Filter></ClCompile>
    <ClCompile Include="src\ui\HomeTileSetup.cpp"><Filter>src\ui</Filter></ClCompile>
    <ClCompile Include="src\ui\KnobZones.cpp"><Filter>src\ui</Filter></ClCompile>
    <ClCompile Include="src\ui\MainWindow.cpp"><Filter>src\ui</Filter></ClCompile>
    <ClCompile Include="src\ui\MenuPage.cpp"><Filter>src\ui</Filter></ClCompile>
    <ClCompile Include="src\ui\MenuStyle.cpp"><Filter>src\ui</Filter></ClCompile>
    <ClCompile Include="src\ui\MultimediaPage.cpp"><Filter>src\ui</Filter></ClCompile>
    <ClCompile Include="src\ui\PairingPage.cpp"><Filter>src\ui</Filter></ClCompile>
    <ClCompile Include="src\ui\PlayerPage.cpp"><Filter>src\ui</Filter></ClCompile>
    <ClCompile Include="src\ui\RadioPage.cpp"><Filter>src\ui</Filter></ClCompile>
    <ClCompile Include="src\ui\RotaryKnob.cpp"><Filter>src\ui</Filter></ClCompile>
    <ClCompile Include="src\ui\ScriptedPhoneTest.cpp"><Filter>src\ui</Filter></ClCompile>
    <ClCompile Include="src\ui\SettingsPage.cpp"><Filter>src\ui</Filter></ClCompile>
    <ClCompile Include="src\ui\TouchDrag.cpp"><Filter>src\ui</Filter></ClCompile>
    <ClCompile Include="src\ui\VideoWidget.cpp"><Filter>src\ui</Filter></ClCompile>
    <ClCompile Include="src\ui\VolumeOverlay.cpp"><Filter>src\ui</Filter></ClCompile>
    <ClCompile Include="src\usb\AndroidUsbProbe.cpp"><Filter>src\usb</Filter></ClCompile>
    <ClCompile Include="src\usb\AutoConnectSystem.cpp"><Filter>src\usb</Filter></ClCompile>
    <ClCompile Include="src\usb\LibusbControl.cpp"><Filter>src\usb</Filter></ClCompile>
    <ClCompile Include="src\usb\LibusbHandles.cpp"><Filter>src\usb</Filter></ClCompile>
    <ClCompile Include="src\usb\LibusbUsbBackend.cpp"><Filter>src\usb</Filter></ClCompile>
    <ClCompile Include="src\usb\ProjectionTransport.cpp"><Filter>src\usb</Filter></ClCompile>
    <ClCompile Include="src\usb\RepairResult.cpp"><Filter>src\usb</Filter></ClCompile>
    <ClCompile Include="src\usb\UsbBackendFactory.cpp"><Filter>src\usb</Filter></ClCompile>
    <ClCompile Include="src\usb\UsbDescriptors.cpp"><Filter>src\usb</Filter></ClCompile>
    <ClCompile Include="src\usb\UsbLogging.cpp"><Filter>src\usb</Filter></ClCompile>
    <ClCompile Include="src\usb\UsbProbeResult.cpp"><Filter>src\usb</Filter></ClCompile>
    <ClCompile Include="src\usb\UsbTypes.cpp"><Filter>src\usb</Filter></ClCompile>
    <ClCompile Include="src\usb\WindowsDriverRepair.cpp"><Filter>src\usb</Filter></ClCompile>
    <ClCompile Include="src\usb\WindowsUsbBackend.cpp"><Filter>src\usb</Filter></ClCompile>
    <ClCompile Include="src\video\FfmpegHandles.cpp"><Filter>src\video</Filter></ClCompile>
    <ClCompile Include="src\video\VideoDecoder.cpp"><Filter>src\video</Filter></ClCompile>
    <ClInclude Include="src\CommandLine.h"><Filter>src</Filter></ClInclude>
    <ClInclude Include="src\androidauto\AndroidAutoSession.h"><Filter>src\androidauto</Filter></ClInclude>
    <ClInclude Include="src\androidauto\AndroidDeviceDetector.h"><Filter>src\androidauto</Filter></ClInclude>
    <ClInclude Include="src\androidauto\AoaNegotiator.h"><Filter>src\androidauto</Filter></ClInclude>
    <ClInclude Include="src\androidauto\AudioSinkChannel.h"><Filter>src\androidauto</Filter></ClInclude>
    <ClInclude Include="src\androidauto\AutoConnect.h"><Filter>src\androidauto</Filter></ClInclude>
    <ClInclude Include="src\androidauto\ChannelSupport.h"><Filter>src\androidauto</Filter></ClInclude>
    <ClInclude Include="src\androidauto\ConsoleController.h"><Filter>src\androidauto</Filter></ClInclude>
    <ClInclude Include="src\androidauto\DisplayConfig.h"><Filter>src\androidauto</Filter></ClInclude>
    <ClInclude Include="src\androidauto\DisplayService.h"><Filter>src\androidauto</Filter></ClInclude>
    <ClInclude Include="src\androidauto\IUsbControl.h"><Filter>src\androidauto</Filter></ClInclude>
    <ClInclude Include="src\androidauto\InputEvents.h"><Filter>src\androidauto</Filter></ClInclude>
    <ClInclude Include="src\androidauto\InputReports.h"><Filter>src\androidauto</Filter></ClInclude>
    <ClInclude Include="src\androidauto\MicrophoneChannel.h"><Filter>src\androidauto</Filter></ClInclude>
    <ClInclude Include="src\androidauto\PhoneScreenDetector.h"><Filter>src\androidauto</Filter></ClInclude>
    <ClInclude Include="src\androidauto\PhoneWatch.h"><Filter>src\androidauto</Filter></ClInclude>
    <ClInclude Include="src\androidauto\ProjectionInput.h"><Filter>src\androidauto</Filter></ClInclude>
    <ClInclude Include="src\androidauto\ProjectionKeys.h"><Filter>src\androidauto</Filter></ClInclude>
    <ClInclude Include="src\androidauto\ProjectionSession.h"><Filter>src\androidauto</Filter></ClInclude>
    <ClInclude Include="src\androidauto\ServiceDiscovery.h"><Filter>src\androidauto</Filter></ClInclude>
    <ClInclude Include="src\androidauto\TouchMapping.h"><Filter>src\androidauto</Filter></ClInclude>
    <ClInclude Include="src\androidauto\TransportReceiveBuffer.h"><Filter>src\androidauto</Filter></ClInclude>
    <ClInclude Include="src\audio\AudioClock.h"><Filter>src\audio</Filter></ClInclude>
    <ClInclude Include="src\audio\AudioEngine.h"><Filter>src\audio</Filter></ClInclude>
    <ClInclude Include="src\audio\AudioState.h"><Filter>src\audio</Filter></ClInclude>
    <ClInclude Include="src\audio\IPcmOutput.h"><Filter>src\audio</Filter></ClInclude>
    <ClInclude Include="src\audio\MediaActivity.h"><Filter>src\audio</Filter></ClInclude>
    <ClInclude Include="src\audio\Pcm16.h"><Filter>src\audio</Filter></ClInclude>
    <ClInclude Include="src\audio\PcmFormat.h"><Filter>src\audio</Filter></ClInclude>
    <ClInclude Include="src\audio\PcmRingBuffer.h"><Filter>src\audio</Filter></ClInclude>
    <ClInclude Include="src\audio\PlatformPcmStream.h"><Filter>src\audio</Filter></ClInclude>
    <ClInclude Include="src\audio\QueuedPcmStream.h"><Filter>src\audio</Filter></ClInclude>
    <ClInclude Include="src\audio\WasapiPcmStream.h"><Filter>src\audio</Filter></ClInclude>
    <ClInclude Include="src\audio\WatchedOutput.h"><Filter>src\audio</Filter></ClInclude>
    <ClInclude Include="src\logging\LogLevel.h"><Filter>src\logging</Filter></ClInclude>
    <ClInclude Include="src\logging\Logger.h"><Filter>src\logging</Filter></ClInclude>
    <ClInclude Include="src\media\AudioPlayer.h"><Filter>src\media</Filter></ClInclude>
    <ClInclude Include="src\media\MusicLibrary.h"><Filter>src\media</Filter></ClInclude>
    <ClInclude Include="src\media\StreamText.h"><Filter>src\media</Filter></ClInclude>
    <ClInclude Include="src\platform\BuildProfile.h"><Filter>src\platform</Filter></ClInclude>
    <ClInclude Include="src\platform\Environment.h"><Filter>src\platform</Filter></ClInclude>
    <ClInclude Include="src\platform\ShutdownSignal.h"><Filter>src\platform</Filter></ClInclude>
    <ClInclude Include="src\platform\WindowsSupport.h"><Filter>src\platform</Filter></ClInclude>
    <ClInclude Include="src\radio\RadioBrowser.h"><Filter>src\radio</Filter></ClInclude>
    <ClInclude Include="src\ui\AudioDisplay.h"><Filter>src\ui</Filter></ClInclude>
    <ClInclude Include="src\ui\BluetoothPage.h"><Filter>src\ui</Filter></ClInclude>
    <ClInclude Include="src\ui\BluetoothPhones.h"><Filter>src\ui</Filter></ClInclude>
    <ClInclude Include="src\ui\CarPanel.h"><Filter>src\ui</Filter></ClInclude>
    <ClInclude Include="src\ui\HomeMenu.h"><Filter>src\ui</Filter></ClInclude>
    <ClInclude Include="src\ui\HomeMenuEntry.h"><Filter>src\ui</Filter></ClInclude>
    <ClInclude Include="src\ui\HomeMenuLayout.h"><Filter>src\ui</Filter></ClInclude>
    <ClInclude Include="src\ui\HomeTileSetup.h"><Filter>src\ui</Filter></ClInclude>
    <ClInclude Include="src\ui\KnobZones.h"><Filter>src\ui</Filter></ClInclude>
    <ClInclude Include="src\ui\MainWindow.h"><Filter>src\ui</Filter></ClInclude>
    <ClInclude Include="src\ui\MenuPage.h"><Filter>src\ui</Filter></ClInclude>
    <ClInclude Include="src\ui\MenuStyle.h"><Filter>src\ui</Filter></ClInclude>
    <ClInclude Include="src\ui\MultimediaPage.h"><Filter>src\ui</Filter></ClInclude>
    <ClInclude Include="src\ui\PageFocus.h"><Filter>src\ui</Filter></ClInclude>
    <ClInclude Include="src\ui\PairingPage.h"><Filter>src\ui</Filter></ClInclude>
    <ClInclude Include="src\ui\PlayerPage.h"><Filter>src\ui</Filter></ClInclude>
    <ClInclude Include="src\ui\RadioPage.h"><Filter>src\ui</Filter></ClInclude>
    <ClInclude Include="src\ui\RotaryKnob.h"><Filter>src\ui</Filter></ClInclude>
    <ClInclude Include="src\ui\ScriptedPhoneTest.h"><Filter>src\ui</Filter></ClInclude>
    <ClInclude Include="src\ui\ScriptedTestHost.h"><Filter>src\ui</Filter></ClInclude>
    <ClInclude Include="src\ui\SettingsPage.h"><Filter>src\ui</Filter></ClInclude>
    <ClInclude Include="src\ui\StatusBar.h"><Filter>src\ui</Filter></ClInclude>
    <ClInclude Include="src\ui\TouchDrag.h"><Filter>src\ui</Filter></ClInclude>
    <ClInclude Include="src\ui\VideoWidget.h"><Filter>src\ui</Filter></ClInclude>
    <ClInclude Include="src\ui\VolumeBar.h"><Filter>src\ui</Filter></ClInclude>
    <ClInclude Include="src\ui\VolumeOverlay.h"><Filter>src\ui</Filter></ClInclude>
    <ClInclude Include="src\usb\AndroidUsbProbe.h"><Filter>src\usb</Filter></ClInclude>
    <ClInclude Include="src\usb\AutoConnectSystem.h"><Filter>src\usb</Filter></ClInclude>
    <ClInclude Include="src\usb\DriverRepair.h"><Filter>src\usb</Filter></ClInclude>
    <ClInclude Include="src\usb\IUsbBackend.h"><Filter>src\usb</Filter></ClInclude>
    <ClInclude Include="src\usb\LibusbControl.h"><Filter>src\usb</Filter></ClInclude>
    <ClInclude Include="src\usb\LibusbHandles.h"><Filter>src\usb</Filter></ClInclude>
    <ClInclude Include="src\usb\LibusbUsbBackend.h"><Filter>src\usb</Filter></ClInclude>
    <ClInclude Include="src\usb\ProjectionTransport.h"><Filter>src\usb</Filter></ClInclude>
    <ClInclude Include="src\usb\RepairResult.h"><Filter>src\usb</Filter></ClInclude>
    <ClInclude Include="src\usb\UsbBackendFactory.h"><Filter>src\usb</Filter></ClInclude>
    <ClInclude Include="src\usb\UsbDescriptors.h"><Filter>src\usb</Filter></ClInclude>
    <ClInclude Include="src\usb\UsbLogging.h"><Filter>src\usb</Filter></ClInclude>
    <ClInclude Include="src\usb\UsbProbeResult.h"><Filter>src\usb</Filter></ClInclude>
    <ClInclude Include="src\usb\UsbTypes.h"><Filter>src\usb</Filter></ClInclude>
    <ClInclude Include="src\usb\WindowsUsbBackend.h"><Filter>src\usb</Filter></ClInclude>
    <ClInclude Include="src\video\FfmpegHandles.h"><Filter>src\video</Filter></ClInclude>
    <ClInclude Include="src\video\VideoDecoder.h"><Filter>src\video</Filter></ClInclude>
    <None Include="src\audio\MiniaudioImpl.cpp"><Filter>src\audio</Filter></None>
    <None Include="src\audio\MiniaudioPcmStream.cpp"><Filter>src\audio</Filter></None>
    <None Include="src\usb\LinuxDriverRepair.cpp"><Filter>src\usb</Filter></None>
    <None Include="src\wireless\AndroidAutoProfile.cpp"><Filter>src\wireless</Filter></None>
    <None Include="src\wireless\BluetoothContext.cpp"><Filter>src\wireless</Filter></None>
    <None Include="src\wireless\BluetoothService.cpp"><Filter>src\wireless</Filter></None>
    <None Include="src\wireless\BluezCalls.cpp"><Filter>src\wireless</Filter></None>
    <None Include="src\wireless\DeviceWatcher.cpp"><Filter>src\wireless</Filter></None>
    <None Include="src\wireless\FileDescriptor.cpp"><Filter>src\wireless</Filter></None>
    <None Include="src\wireless\Hotspot.cpp"><Filter>src\wireless</Filter></None>
    <None Include="src\wireless\PairingAgent.cpp"><Filter>src\wireless</Filter></None>
    <None Include="src\wireless\SocketTransport.cpp"><Filter>src\wireless</Filter></None>
    <None Include="src\wireless\SystemCommand.cpp"><Filter>src\wireless</Filter></None>
    <None Include="src\wireless\TcpListener.cpp"><Filter>src\wireless</Filter></None>
    <None Include="src\wireless\WirelessDiagnostics.cpp"><Filter>src\wireless</Filter></None>
    <None Include="src\wireless\WirelessFrameParser.cpp"><Filter>src\wireless</Filter></None>
    <None Include="src\wireless\WirelessHandshake.cpp"><Filter>src\wireless</Filter></None>
    <None Include="src\wireless\WirelessLink.cpp"><Filter>src\wireless</Filter></None>
    <None Include="src\wireless\WirelessProtocol.cpp"><Filter>src\wireless</Filter></None>
    <None Include="src\wireless\WirelessSettings.cpp"><Filter>src\wireless</Filter></None>
    <None Include="src\wireless\WirelessStation.cpp"><Filter>src\wireless</Filter></None>
    <None Include="src\audio\MiniaudioConfig.h"><Filter>src\audio</Filter></None>
    <None Include="src\audio\MiniaudioPcmStream.h"><Filter>src\audio</Filter></None>
    <None Include="src\wireless\AndroidAutoProfile.h"><Filter>src\wireless</Filter></None>
    <None Include="src\wireless\BluetoothContext.h"><Filter>src\wireless</Filter></None>
    <None Include="src\wireless\BluetoothEvents.h"><Filter>src\wireless</Filter></None>
    <None Include="src\wireless\BluetoothService.h"><Filter>src\wireless</Filter></None>
    <None Include="src\wireless\BluezCalls.h"><Filter>src\wireless</Filter></None>
    <None Include="src\wireless\DeviceWatcher.h"><Filter>src\wireless</Filter></None>
    <None Include="src\wireless\FileDescriptor.h"><Filter>src\wireless</Filter></None>
    <None Include="src\wireless\Hotspot.h"><Filter>src\wireless</Filter></None>
    <None Include="src\wireless\PairingAgent.h"><Filter>src\wireless</Filter></None>
    <None Include="src\wireless\SocketTransport.h"><Filter>src\wireless</Filter></None>
    <None Include="src\wireless\SystemCommand.h"><Filter>src\wireless</Filter></None>
    <None Include="src\wireless\TcpListener.h"><Filter>src\wireless</Filter></None>
    <None Include="src\wireless\WirelessDiagnostics.h"><Filter>src\wireless</Filter></None>
    <None Include="src\wireless\WirelessFrameParser.h"><Filter>src\wireless</Filter></None>
    <None Include="src\wireless\WirelessHandshake.h"><Filter>src\wireless</Filter></None>
    <None Include="src\wireless\WirelessLink.h"><Filter>src\wireless</Filter></None>
    <None Include="src\wireless\WirelessProtocol.h"><Filter>src\wireless</Filter></None>
    <None Include="src\wireless\WirelessSettings.h"><Filter>src\wireless</Filter></None>
    <None Include="src\wireless\WirelessStation.h"><Filter>src\wireless</Filter></None>
    <None Include="tests\WirelessTests.cpp"><Filter>tests</Filter></None>
    <None Include="README.md" />
    <None Include="CMakeLists.txt" />
    <None Include="CMakePresets.json" />
    <None Include="docs\architecture.md"><Filter>docs</Filter></None>
    <None Include="docs\progress.md"><Filter>docs</Filter></None>
    <None Include="docs\android_auto.md"><Filter>docs</Filter></None>
    <None Include="docs\usb.md"><Filter>docs</Filter></None>
    <None Include="docs\windows_connection.md"><Filter>docs</Filter></None>
    <None Include="docs\linux.md"><Filter>docs</Filter></None>
    <None Include="docs\linux-setup.md"><Filter>docs</Filter></None>
    <None Include="docs\wireless.md"><Filter>docs</Filter></None>
    <None Include="docs\dependencies.md"><Filter>docs</Filter></None>
  </ItemGroup>
</Project>
