<?xml version="1.0" encoding="utf-8"?>
<Project xmlns="http://schemas.microsoft.com/developer/msbuild/2003">
  <ItemGroup>
    <Filter Include="src" />
    <Filter Include="src\androidauto" />
    <Filter Include="src\audio" />
    <Filter Include="src\logging" />
    <Filter Include="src\media" />
    <Filter Include="src\radio" />
    <Filter Include="src\platform" />
    <Filter Include="src\ui" />
    <Filter Include="src\usb" />
    <Filter Include="docs" />
  </ItemGroup>
  <ItemGroup>
    <ClCompile Include="src\usb\AndroidUsbProbe.cpp"><Filter>src\usb</Filter></ClCompile>
    <ClInclude Include="src\usb\AndroidUsbProbe.h"><Filter>src\usb</Filter></ClInclude>
    <None Include="docs\windows_connection.md"><Filter>docs</Filter></None>
    <ClCompile Include="src\main.cpp"><Filter>src</Filter></ClCompile>
    <ClCompile Include="src\androidauto\AoaNegotiator.cpp"><Filter>src\androidauto</Filter></ClCompile>
    <ClInclude Include="src\androidauto\AoaNegotiator.h"><Filter>src\androidauto</Filter></ClInclude>
    <ClCompile Include="src\androidauto\AndroidDeviceDetector.cpp"><Filter>src\androidauto</Filter></ClCompile>
    <ClCompile Include="src\androidauto\PhoneWatch.cpp"><Filter>src\androidauto</Filter></ClCompile>
    <ClInclude Include="src\androidauto\AndroidDeviceDetector.h"><Filter>src\androidauto</Filter></ClInclude>
    <ClCompile Include="src\logging\Logger.cpp"><Filter>src\logging</Filter></ClCompile>
    <ClInclude Include="src\logging\Logger.h"><Filter>src\logging</Filter></ClInclude>
    <ClCompile Include="src\ui\MainWindow.cpp"><Filter>src\ui</Filter></ClCompile>
    <ClCompile Include="src\ui\HomeMenu.cpp"><Filter>src\ui</Filter></ClCompile>
    <ClInclude Include="src\ui\HomeMenu.h"><Filter>src\ui</Filter></ClInclude>
    <ClInclude Include="src\ui\HomeMenuLayout.h"><Filter>src\ui</Filter></ClInclude>
    <ClCompile Include="src\ui\MenuStyle.cpp"><Filter>src\ui</Filter></ClCompile>
    <ClInclude Include="src\ui\MenuStyle.h"><Filter>src\ui</Filter></ClInclude>
    <ClCompile Include="src\ui\MenuPage.cpp"><Filter>src\ui</Filter></ClCompile>
    <ClInclude Include="src\ui\MenuPage.h"><Filter>src\ui</Filter></ClInclude>
    <ClCompile Include="src\ui\MediaPages.cpp"><Filter>src\ui</Filter></ClCompile>
    <ClInclude Include="src\ui\MediaPages.h"><Filter>src\ui</Filter></ClInclude>
    <ClCompile Include="src\ui\SettingsPage.cpp"><Filter>src\ui</Filter></ClCompile>
    <ClInclude Include="src\ui\SettingsPage.h"><Filter>src\ui</Filter></ClInclude>
    <ClInclude Include="src\audio\AudioFocus.h"><Filter>src\audio</Filter></ClInclude>
    <ClCompile Include="src\radio\RadioBrowser.cpp"><Filter>src\radio</Filter></ClCompile>
    <ClInclude Include="src\radio\RadioBrowser.h"><Filter>src\radio</Filter></ClInclude>
    <ClCompile Include="src\media\AudioPlayer.cpp"><Filter>src\media</Filter></ClCompile>
    <ClInclude Include="src\media\AudioPlayer.h"><Filter>src\media</Filter></ClInclude>
    <ClInclude Include="src\media\MusicLibrary.h"><Filter>src\media</Filter></ClInclude>
    <ClInclude Include="src\media\StreamText.h"><Filter>src\media</Filter></ClInclude>
    <ClInclude Include="src\ui\MainWindow.h"><Filter>src\ui</Filter></ClInclude>
    <ClCompile Include="src\usb\UsbDescriptors.cpp"><Filter>src\usb</Filter></ClCompile>
    <ClInclude Include="src\usb\UsbDescriptors.h"><Filter>src\usb</Filter></ClInclude>
    <ClCompile Include="src\usb\WindowsUsbBackend.cpp"><Filter>src\usb</Filter></ClCompile>
    <ClCompile Include="src\usb\DriverRepair.cpp"><Filter>src\usb</Filter></ClCompile>
    <ClInclude Include="src\usb\DriverRepair.h"><Filter>src\usb</Filter></ClInclude>
    <ClInclude Include="src\usb\WindowsUsbBackend.h"><Filter>src\usb</Filter></ClInclude>
    <ClInclude Include="src\usb\IUsbBackend.h"><Filter>src\usb</Filter></ClInclude>
    <ClInclude Include="src\usb\UsbTypes.h"><Filter>src\usb</Filter></ClInclude>
    <ClCompile Include="src\usb\UsbLogging.cpp"><Filter>src\usb</Filter></ClCompile>
    <ClInclude Include="src\usb\UsbLogging.h"><Filter>src\usb</Filter></ClInclude>
    <ClCompile Include="src\usb\UsbBackendFactory.cpp"><Filter>src\usb</Filter></ClCompile>
    <ClInclude Include="src\usb\UsbBackendFactory.h"><Filter>src\usb</Filter></ClInclude>
    <ClCompile Include="src\usb\LibusbUsbBackend.cpp"><Filter>src\usb</Filter></ClCompile>
    <ClInclude Include="src\usb\LibusbUsbBackend.h"><Filter>src\usb</Filter></ClInclude>
    <None Include="src\usb\DriverRepairLinux.cpp"><Filter>src\usb</Filter></None>
    <ClCompile Include="src\audio\AudioEngineFactory.cpp"><Filter>src\audio</Filter></ClCompile>
    <ClInclude Include="src\audio\AudioEngine.h"><Filter>src\audio</Filter></ClInclude>
    <None Include="src\audio\MiniaudioEngine.cpp"><Filter>src\audio</Filter></None>
    <None Include="src\audio\MiniaudioEngine.h"><Filter>src\audio</Filter></None>
    <None Include="src\audio\MiniaudioImpl.cpp"><Filter>src\audio</Filter></None>
    <None Include="src\audio\MiniaudioConfig.h"><Filter>src\audio</Filter></None>
    <ClInclude Include="src\platform\Environment.h"><Filter>src\platform</Filter></ClInclude>
    <None Include="docs\linux.md"><Filter>docs</Filter></None>
    <None Include="docs\architecture.md"><Filter>docs</Filter></None>
    <None Include="docs\android_auto.md"><Filter>docs</Filter></None>
    <None Include="docs\usb.md"><Filter>docs</Filter></None>
    <None Include="docs\dependencies.md"><Filter>docs</Filter></None>
    <None Include="docs\progress.md"><Filter>docs</Filter></None>
  </ItemGroup>
</Project>
